
Microsoft Visual Studio Solution File, Format Version 12.00
# Visual Studio Version 16
VisualStudioVersion = 16.0.29911.84
MinimumVisualStudioVersion = 10.0.40219.1
Project("{FAE04EC0-301F-11D3-BF4B-00C04F79EFBC}") = "ProjektParking_wersja01", "Projekt\ProjektParking_wersja01.csproj", "{9C6FB211-965A-4C85-9AF1-138A0676735D}"
EndProject
Global
	GlobalSection(SolutionConfigurationPlatforms) = preSolution
		Debug|Any CPU = Debug|Any CPU
		Release|Any CPU = Release|Any CPU
	EndGlobalSection
	GlobalSection(ProjectConfigurationPlatforms) = postSolution
		{9C6FB211-965A-4C85-9AF1-138A0676735D}.Debug|Any CPU.ActiveCfg = Debug|Any CPU
		{9C6FB211-965A-4C85-9AF1-138A0676735D}.Debug|Any CPU.Build.0 = Debug|Any CPU
		{9C6FB211-965A-4C85-9AF1-138A0676735D}.Release|Any CPU.ActiveCfg = Release|Any CPU
		{9C6FB211-965A-4C85-9AF1-138A0676735D}.Release|Any CPU.Build.0 = Release|Any CPU
	EndGlobalSection
	GlobalSection(SolutionProperties) = preSolution
		HideSolutionNode = FALSE
	EndGlobalSection
	GlobalSection(ExtensibilityGlobals) = postSolution
		SolutionGuid = {145D94F0-3C05-4DF1-9AE5-1F46C1E55EF1}
	EndGlobalSection
EndGlobal
